// !$*UTF8*$!
{
	archiveVersion = 1;
	classes = {
	};
	objectVersion = 50;
	objects = {

/* Begin PBXBuildFile section */
		A2FD5B7020FEE15B00020BDA /* AppDelegate.swift in Sources */ = {isa = PBXBuildFile; fileRef = A2FD5B6F20FEE15B00020BDA /* AppDelegate.swift */; };
		A2FD5B7220FEE15B00020BDA /* ViewController.swift in Sources */ = {isa = PBXBuildFile; fileRef = A2FD5B7120FEE15B00020BDA /* ViewController.swift */; };
		A2FD5B7520FEE15B00020BDA /* Main.storyboard in Resources */ = {isa = PBXBuildFile; fileRef = A2FD5B7320FEE15B00020BDA /* Main.storyboard */; };
		A2FD5B7720FEE15D00020BDA /* Assets.xcassets in Resources */ = {isa = PBXBuildFile; fileRef = A2FD5B7620FEE15D00020BDA /* Assets.xcassets */; };
		A2FD5B7A20FEE15D00020BDA /* LaunchScreen.storyboard in Resources */ = {isa = PBXBuildFile; fileRef = A2FD5B7820FEE15D00020BDA /* LaunchScreen.storyboard */; };
		A2FD5B8520FEE15D00020BDA /* ToDoListTests.swift in Sources */ = {isa = PBXBuildFile; fileRef = A2FD5B8420FEE15D00020BDA /* ToDoListTests.swift */; };
		A2FD5B9020FEE15E00020BDA /* ToDoListUITests.swift in Sources */ = {isa = PBXBuildFile; fileRef = A2FD5B8F20FEE15E00020BDA /* ToDoListUITests.swift */; };
/* End PBXBuildFile section */

/* Begin PBXContainerItemProxy section */
		A2FD5B8120FEE15D00020BDA /* PBXContainerItemProxy */ = {
			isa = PBXContainerItemProxy;
			containerPortal = A2FD5B6420FEE15B00020BDA /* Project object */;
			proxyType = 1;
			remoteGlobalIDString = A2FD5B6B20FEE15B00020BDA;
			remoteInfo = ToDoList;
		};
		A2FD5B8C20FEE15E00020BDA /* PBXContainerItemProxy */ = {
			isa = PBXContainerItemProxy;
			containerPortal = A2FD5B6420FEE15B00020BDA /* Project object */;
			proxyType = 1;
			remoteGlobalIDString = A2FD5B6B20FEE15B00020BDA;
			remoteInfo = ToDoList;
		};
/* End PBXContainerItemProxy section */

/* Begin PBXFileReference section */
		A2FD5B6C20FEE15B00020BDA /* ToDoList.app */ = {isa = PBXFileReference; explicitFileType = wrapper.application; includeInIndex = 0; path = ToDoList.app; sourceTree = BUILT_PRODUCTS_DIR; };
		A2FD5B6F20FEE15B00020BDA /* AppDelegate.swift */ = {isa = PBXFileReference; lastKnownFileType = sourcecode.swift; path = AppDelegate.swift; sourceTree = "<group>"; };
		A2FD5B7120FEE15B00020BDA /* ViewController.swift */ = {isa = PBXFileReference; lastKnownFileType = sourcecode.swift; path = ViewController.swift; sourceTree = "<group>"; };
		A2FD5B7420FEE15B00020BDA /* Base */ = {isa = PBXFileReference; lastKnownFileType = file.storyboard; name = Base; path = Base.lproj/Main.storyboard; sourceTree = "<group>"; };
		A2FD5B7620FEE15D00020BDA /* Assets.xcassets */ = {isa = PBXFileReference; lastKnownFileType = folder.assetcatalog; path = Assets.xcassets; sourceTree = "<group>"; };
		A2FD5B7920FEE15D00020BDA /* Base */ = {isa = PBXFileReference; lastKnownFileType = file.storyboard; name = Base; path = Base.lproj/LaunchScreen.storyboard; sourceTree = "<group>"; };
		A2FD5B7B20FEE15D00020BDA /* Info.plist */ = {isa = PBXFileReference; lastKnownFileType = text.plist.xml; path = Info.plist; sourceTree = "<group>"; };
		A2FD5B8020FEE15D00020BDA /* ToDoListTests.xctest */ = {isa = PBXFileReference; explicitFileType = wrapper.cfbundle; includeInIndex = 0; path = ToDoListTests.xctest; sourceTree = BUILT_PRODUCTS_DIR; };
		A2FD5B8420FEE15D00020BDA /* ToDoListTests.swift */ = {isa = PBXFileReference; lastKnownFileType = sourcecode.swift; path = ToDoListTests.swift; sourceTree = "<group>"; };
		A2FD5B8620FEE15E00020BDA /* Info.plist */ = {isa = PBXFileReference; lastKnownFileType = text.plist.xml; path = Info.plist; sourceTree = "<group>"; };
		A2FD5B8B20FEE15E00020BDA /* ToDoListUITests.xctest */ = {isa = PBXFileReference; explicitFileType = wrapper.cfbundle; includeInIndex = 0; path = ToDoListUITests.xctest; sourceTree = BUILT_PRODUCTS_DIR; };
		A2FD5B8F20FEE15E00020BDA /* ToDoListUITests.swift */ = {isa = PBXFileReference; lastKnownFileType = sourcecode.swift; path = ToDoListUITests.swift; sourceTree = "<group>"; };
		A2FD5B9120FEE15E00020BDA /* Info.plist */ = {isa = PBXFileReference; lastKnownFileType = text.plist.xml; path = Info.plist; sourceTree = "<group>"; };
/* End PBXFileReference section */

/* Begin PBXFrameworksBuildPhase section */
		A2FD5B6920FEE15B00020BDA /* Frameworks */ = {
			isa = PBXFrameworksBuildPhase;
			buildActionMask = 2147483647;
			files = (
			);
			runOnlyForDeploymentPostprocessing = 0;
		};
		A2FD5B7D20FEE15D00020BDA /* Frameworks */ = {
			isa = PBXFrameworksBuildPhase;
			buildActionMask = 2147483647;
			files = (
			);
			runOnlyForDeploymentPostprocessing = 0;
		};
		A2FD5B8820FEE15E00020BDA /* Frameworks */ = {
			isa = PBXFrameworksBuildPhase;
			buildActionMask = 2147483647;
			files = (
			);
			runOnlyForDeploymentPostprocessing = 0;
		};
/* End PBXFrameworksBuildPhase section */

/* Begin PBXGroup section */
		A2FD5B6320FEE15B00020BDA = {
			isa = PBXGroup;
			children = (
				A2FD5B6E20FEE15B00020BDA /* ToDoList */,
				A2FD5B8320FEE15D00020BDA /* ToDoListTests */,
				A2FD5B8E20FEE15E00020BDA /* ToDoListUITests */,
				A2FD5B6D20FEE15B00020BDA /* Products */,
			);
			sourceTree = "<group>";
		};
		A2FD5B6D20FEE15B00020BDA /* Products */ = {
			isa = PBXGroup;
			children = (
				A2FD5B6C20FEE15B00020BDA /* ToDoList.app */,
				A2FD5B8020FEE15D00020BDA /* ToDoListTests.xctest */,
				A2FD5B8B20FEE15E00020BDA /* ToDoListUITests.xctest */,
			);
			name = Products;
			sourceTree = "<group>";
		};
		A2FD5B6E20FEE15B00020BDA /* ToDoList */ = {
			isa = PBXGroup;
			children = (
				A2FD5B6F20FEE15B00020BDA /* AppDelegate.swift */,
				A2FD5B7120FEE15B00020BDA /* ViewController.swift */,
				A2FD5B7320FEE15B00020BDA /* Main.storyboard */,
				A2FD5B7620FEE15D00020BDA /* Assets.xcassets */,
				A2FD5B7820FEE15D00020BDA /* LaunchScreen.storyboard */,
				A2FD5B7B20FEE15D00020BDA /* Info.plist */,
			);
			path = ToDoList;
			sourceTree = "<group>";
		};
		A2FD5B8320FEE15D00020BDA /* ToDoListTests */ = {
			isa = PBXGroup;
			children = (
				A2FD5B8420FEE15D00020BDA /* ToDoListTests.swift */,
				A2FD5B8620FEE15E00020BDA /* Info.plist */,
			);
			path = ToDoListTests;
			sourceTree = "<group>";
		};
		A2FD5B8E20FEE15E00020BDA /* ToDoListUITests */ = {
			isa = PBXGroup;
			children = (
				A2FD5B8F20FEE15E00020BDA /* ToDoListUITests.swift */,
				A2FD5B9120FEE15E00020BDA /* Info.plist */,
			);
			path = ToDoListUITests;
			sourceTree = "<group>";
		};
/* End PBXGroup section */

/* Begin PBXNativeTarget section */
		A2FD5B6B20FEE15B00020BDA /* ToDoList */ = {
			isa = PBXNativeTarget;
			buildConfigurationList = A2FD5B9420FEE15E00020BDA /* Build configuration list for PBXNativeTarget "ToDoList" */;
			buildPhases = (
				A2FD5B6820FEE15B00020BDA /* Sources */,
				A2FD5B6920FEE15B00020BDA /* Frameworks */,
				A2FD5B6A20FEE15B00020BDA /* Resources */,
			);
			buildRules = (
			);
			dependencies = (
			);
			name = ToDoList;
			productName = ToDoList;
			productReference = A2FD5B6C20FEE15B00020BDA /* ToDoList.app */;
			productType = "com.apple.product-type.application";
		};
		A2FD5B7F20FEE15D00020BDA /* ToDoListTests */ = {
			isa = PBXNativeTarget;
			buildConfigurationList = A2FD5B9720FEE15E00020BDA /* Build configuration list for PBXNativeTarget "ToDoListTests" */;
			buildPhases = (
				A2FD5B7C20FEE15D00020BDA /* Sources */,
				A2FD5B7D20FEE15D00020BDA /* Frameworks */,
				A2FD5B7E20FEE15D00020BDA /* Resources */,
			);
			buildRules = (
			);
			dependencies = (
				A2FD5B8220FEE15D00020BDA /* PBXTargetDependency */,
			);
			name = ToDoListTests;
			productName = ToDoListTests;
			productReference = A2FD5B8020FEE15D00020BDA /* ToDoListTests.xctest */;
			productType = "com.apple.product-type.bundle.unit-test";
		};
		A2FD5B8A20FEE15E00020BDA /* ToDoListUITests */ = {
			isa = PBXNativeTarget;
			buildConfigurationList = A2FD5B9A20FEE15E00020BDA /* Build configuration list for PBXNativeTarget "ToDoListUITests" */;
			buildPhases = (
				A2FD5B8720FEE15E00020BDA /* Sources */,
				A2FD5B8820FEE15E00020BDA /* Frameworks */,
				A2FD5B8920FEE15E00020BDA /* Resources */,
			);
			buildRules = (
			);
			dependencies = (
				A2FD5B8D20FEE15E00020BDA /* PBXTargetDependency */,
			);
			name = ToDoListUITests;
			productName = ToDoListUITests;
			productReference = A2FD5B8B20FEE15E00020BDA /* ToDoListUITests.xctest */;
			productType = "com.apple.product-type.bundle.ui-testing";
		};
/* End PBXNativeTarget section */

/* Begin PBXProject section */
		A2FD5B6420FEE15B00020BDA /* Project object */ = {
			isa = PBXProject;
			attributes = {
				LastSwiftUpdateCheck = 0940;
				LastUpgradeCheck = 0940;
				ORGANIZATIONNAME = "shokei-takanashi";
				TargetAttributes = {
					A2FD5B6B20FEE15B00020BDA = {
						CreatedOnToolsVersion = 9.4.1;
					};
					A2FD5B7F20FEE15D00020BDA = {
						CreatedOnToolsVersion = 9.4.1;
						TestTargetID = A2FD5B6B20FEE15B00020BDA;
					};
					A2FD5B8A20FEE15E00020BDA = {
						CreatedOnToolsVersion = 9.4.1;
						TestTargetID = A2FD5B6B20FEE15B00020BDA;
					};
				};
			};
			buildConfigurationList = A2FD5B6720FEE15B00020BDA /* Build configuration list for PBXProject "ToDoList" */;
			compatibilityVersion = "Xcode 9.3";
			developmentRegion = en;
			hasScannedForEncodings = 0;
			knownRegions = (
				en,
				Base,
			);
			mainGroup = A2FD5B6320FEE15B00020BDA;
			productRefGroup = A2FD5B6D20FEE15B00020BDA /* Products */;
			projectDirPath = "";
			projectRoot = "";
			targets = (
				A2FD5B6B20FEE15B00020BDA /* ToDoList */,
				A2FD5B7F20FEE15D00020BDA /* ToDoListTests */,
				A2FD5B8A20FEE15E00020BDA /* ToDoListUITests */,
			);
		};
/* End PBXProject section */

/* Begin PBXResourcesBuildPhase section */
		A2FD5B6A20FEE15B00020BDA /* Resources */ = {
			isa = PBXResourcesBuildPhase;
			buildActionMask = 2147483647;
			files = (
				A2FD5B7A20FEE15D00020BDA /* LaunchScreen.storyboard in Resources */,
				A2FD5B7720FEE15D00020BDA /* Assets.xcassets in Resources */,
				A2FD5B7520FEE15B00020BDA /* Main.storyboard in Resources */,
			);
			runOnlyForDeploymentPostprocessing = 0;
		};
		A2FD5B7E20FEE15D00020BDA /* Resources */ = {
			isa = PBXResourcesBuildPhase;
			buildActionMask = 2147483647;
			files = (
			);
			runOnlyForDeploymentPostprocessing = 0;
		};
		A2FD5B8920FEE15E00020BDA /* Resources */ = {
			isa = PBXResourcesBuildPhase;
			buildActionMask = 2147483647;
			files = (
			);
			runOnlyForDeploymentPostprocessing = 0;
		};
/* End PBXResourcesBuildPhase section */

/* Begin PBXSourcesBuildPhase section */
		A2FD5B6820FEE15B00020BDA /* Sources */ = {
			isa = PBXSourcesBuildPhase;
			buildActionMask = 2147483647;
			files = (
				A2FD5B7220FEE15B00020BDA /* ViewController.swift in Sources */,
				A2FD5B7020FEE15B00020BDA /* AppDelegate.swift in Sources */,
			);
			runOnlyForDeploymentPostprocessing = 0;
		};
		A2FD5B7C20FEE15D00020BDA /* Sources */ = {
			isa = PBXSourcesBuildPhase;
			buildActionMask = 2147483647;
			files = (
				A2FD5B8520FEE15D00020BDA /* ToDoListTests.swift in Sources */,
			);
			runOnlyForDeploymentPostprocessing = 0;
		};
		A2FD5B8720FEE15E00020BDA /* Sources */ = {
			isa = PBXSourcesBuildPhase;
			buildActionMask = 2147483647;
			files = (
				A2FD5B9020FEE15E00020BDA /* ToDoListUITests.swift in Sources */,
			);
			runOnlyForDeploymentPostprocessing = 0;
		};
/* End PBXSourcesBuildPhase section */

/* Begin PBXTargetDependency section */
		A2FD5B8220FEE15D00020BDA /* PBXTargetDependency */ = {
			isa = PBXTargetDependency;
			target = A2FD5B6B20FEE15B00020BDA /* ToDoList */;
			targetProxy = A2FD5B8120FEE15D00020BDA /* PBXContainerItemProxy */;
		};
		A2FD5B8D20FEE15E00020BDA /* PBXTargetDependency */ = {
			isa = PBXTargetDependency;
			target = A2FD5B6B20FEE15B00020BDA /* ToDoList */;
			targetProxy = A2FD5B8C20FEE15E00020BDA /* PBXContainerItemProxy */;
		};
/* End PBXTargetDependency section */

/* Begin PBXVariantGroup section */
		A2FD5B7320FEE15B00020BDA /* Main.storyboard */ = {
			isa = PBXVariantGroup;
			children = (
				A2FD5B7420FEE15B00020BDA /* Base */,
			);
			name = Main.storyboard;
			sourceTree = "<group>";
		};
		A2FD5B7820FEE15D00020BDA /* LaunchScreen.storyboard */ = {
			isa = PBXVariantGroup;
			children = (
				A2FD5B7920FEE15D00020BDA /* Base */,
			);
			name = LaunchScreen.storyboard;
			sourceTree = "<group>";
		};
/* End PBXVariantGroup section */

/* Begin XCBuildConfiguration section */
		A2FD5B9220FEE15E00020BDA /* Debug */ = {
			isa = XCBuildConfiguration;
			buildSettings = {
				ALWAYS_SEARCH_USER_PATHS = NO;
				CLANG_ANALYZER_NONNULL = YES;
				CLANG_ANALYZER_NUMBER_OBJECT_CONVERSION = YES_AGGRESSIVE;
				CLANG_CXX_LANGUAGE_STANDARD = "gnu++14";
				CLANG_CXX_LIBRARY = "libc++";
				CLANG_ENABLE_MODULES = YES;
				CLANG_ENABLE_OBJC_ARC = YES;
				CLANG_ENABLE_OBJC_WEAK = YES;
				CLANG_WARN_BLOCK_CAPTURE_AUTORELEASING = YES;
				CLANG_WARN_BOOL_CONVERSION = YES;
				CLANG_WARN_COMMA = YES;
				CLANG_WARN_CONSTANT_CONVERSION = YES;
				CLANG_WARN_DEPRECATED_OBJC_IMPLEMENTATIONS = YES;
				CLANG_WARN_DIRECT_OBJC_ISA_USAGE = YES_ERROR;
				CLANG_WARN_DOCUMENTATION_COMMENTS = YES;
				CLANG_WARN_EMPTY_BODY = YES;
				CLANG_WARN_ENUM_CONVERSION = YES;
				CLANG_WARN_INFINITE_RECURSION = YES;
				CLANG_WARN_INT_CONVERSION = YES;
				CLANG_WARN_NON_LITERAL_NULL_CONVERSION = YES;
				CLANG_WARN_OBJC_IMPLICIT_RETAIN_SELF = YES;
				CLANG_WARN_OBJC_LITERAL_CONVERSION = YES;
				CLANG_WARN_OBJC_ROOT_CLASS = YES_ERROR;
				CLANG_WARN_RANGE_LOOP_ANALYSIS = YES;
				CLANG_WARN_STRICT_PROTOTYPES = YES;
				CLANG_WARN_SUSPICIOUS_MOVE = YES;
				CLANG_WARN_UNGUARDED_AVAILABILITY = YES_AGGRESSIVE;
				CLANG_WARN_UNREACHABLE_CODE = YES;
				CLANG_WARN__DUPLICATE_METHOD_MATCH = YES;
				CODE_SIGN_IDENTITY = "iPhone Developer";
				COPY_PHASE_STRIP = NO;
				DEBUG_INFORMATION_FORMAT = dwarf;
				ENABLE_STRICT_OBJC_MSGSEND = YES;
				ENABLE_TESTABILITY = YES;
				GCC_C_LANGUAGE_STANDARD = gnu11;
				GCC_DYNAMIC_NO_PIC = NO;
				GCC_NO_COMMON_BLOCKS = YES;
				GCC_OPTIMIZATION_LEVEL = 0;
				GCC_PREPROCESSOR_DEFINITIONS = (
					"DEBUG=1",
					"$(inherited)",
				);
				GCC_WARN_64_TO_32_BIT_CONVERSION = YES;
				GCC_WARN_ABOUT_RETURN_TYPE = YES_ERROR;
				GCC_WARN_UNDECLARED_SELECTOR = YES;
				GCC_WARN_UNINITIALIZED_AUTOS = YES_AGGRESSIVE;
				GCC_WARN_UNUSED_FUNCTION = YES;
				GCC_WARN_UNUSED_VARIABLE = YES;
				IPHONEOS_DEPLOYMENT_TARGET = 11.4;
				MTL_ENABLE_DEBUG_INFO = YES;
				ONLY_ACTIVE_ARCH = YES;
				SDKROOT = iphoneos;
				SWIFT_ACTIVE_COMPILATION_CONDITIONS = DEBUG;
				SWIFT_OPTIMIZATION_LEVEL = "-Onone";
			};
			name = Debug;
		};
		A2FD5B9320FEE15E00020BDA /* Release */ = {
			isa = XCBuildConfiguration;
			buildSettings = {
				ALWAYS_SEARCH_USER_PATHS = NO;
				CLANG_ANALYZER_NONNULL = YES;
				CLANG_ANALYZER_NUMBER_OBJECT_CONVERSION = YES_AGGRESSIVE;
				CLANG_CXX_LANGUAGE_STANDARD = "gnu++14";
				CLANG_CXX_LIBRARY = "libc++";
				CLANG_ENABLE_MODULES = YES;
				CLANG_ENABLE_OBJC_ARC = YES;
				CLANG_ENABLE_OBJC_WEAK = YES;
				CLANG_WARN_BLOCK_CAPTURE_AUTORELEASING = YES;
				CLANG_WARN_BOOL_CONVERSION = YES;
				CLANG_WARN_COMMA = YES;
				CLANG_WARN_CONSTANT_CONVERSION = YES;
				CLANG_WARN_DEPRECATED_OBJC_IMPLEMENTATIONS = YES;
				CLANG_WARN_DIRECT_OBJC_ISA_USAGE = YES_ERROR;
				CLANG_WARN_DOCUMENTATION_COMMENTS = YES;
				CLANG_WARN_EMPTY_BODY = YES;
				CLANG_WARN_ENUM_CONVERSION = YES;
				CLANG_WARN_INFINITE_RECURSION = YES;
				CLANG_WARN_INT_CONVERSION = YES;
				CLANG_WARN_NON_LITERAL_NULL_CONVERSION = YES;
				CLANG_WARN_OBJC_IMPLICIT_RETAIN_SELF = YES;
				CLANG_WARN_OBJC_LITERAL_CONVERSION = YES;
				CLANG_WARN_OBJC_ROOT_CLASS = YES_ERROR;
				CLANG_WARN_RANGE_LOOP_ANALYSIS = YES;
				CLANG_WARN_STRICT_PROTOTYPES = YES;
				CLANG_WARN_SUSPICIOUS_MOVE = YES;
				CLANG_WARN_UNGUARDED_AVAILABILITY = YES_AGGRESSIVE;
				CLANG_WARN_UNREACHABLE_CODE = YES;
				CLANG_WARN__DUPLICATE_METHOD_MATCH = YES;
				CODE_SIGN_IDENTITY = "iPhone Developer";
				COPY_PHASE_STRIP = NO;
				DEBUG_INFORMATION_FORMAT = "dwarf-with-dsym";
				ENABLE_NS_ASSERTIONS = NO;
				ENABLE_STRICT_OBJC_MSGSEND = YES;
				GCC_C_LANGUAGE_STANDARD = gnu11;
				GCC_NO_COMMON_BLOCKS = YES;
				GCC_WARN_64_TO_32_BIT_CONVERSION = YES;
				GCC_WARN_ABOUT_RETURN_TYPE = YES_ERROR;
				GCC_WARN_UNDECLARED_SELECTOR = YES;
				GCC_WARN_UNINITIALIZED_AUTOS = YES_AGGRESSIVE;
				GCC_WARN_UNUSED_FUNCTION = YES;
				GCC_WARN_UNUSED_VARIABLE = YES;
				IPHONEOS_DEPLOYMENT_TARGET = 11.4;
				MTL_ENABLE_DEBUG_INFO = NO;
				SDKROOT = iphoneos;
				SWIFT_COMPILATION_MODE = wholemodule;
				SWIFT_OPTIMIZATION_LEVEL = "-O";
				VALIDATE_PRODUCT = YES;
			};
			name = Release;
		};
		A2FD5B9520FEE15E00020BDA /* Debug */ = {
			isa = XCBuildConfiguration;
			buildSettings = {
				ASSETCATALOG_COMPILER_APPICON_NAME = AppIcon;
				CODE_SIGN_STYLE = Automatic;
				INFOPLIST_FILE = ToDoList/Info.plist;
				LD_RUNPATH_SEARCH_PATHS = (
					"$(inherited)",
					"@executable_path/Frameworks",
				);
				PRODUCT_BUNDLE_IDENTIFIER = test.ToDoList;
				PRODUCT_NAME = "$(TARGET_NAME)";
				SWIFT_VERSION = 4.0;
				TARGETED_DEVICE_FAMILY = "1,2";
			};
			name = Debug;
		};
		A2FD5B9620FEE15E00020BDA /* Release */ = {
			isa = XCBuildConfiguration;
			buildSettings = {
				ASSETCATALOG_COMPILER_APPICON_NAME = AppIcon;
				CODE_SIGN_STYLE = Automatic;
				INFOPLIST_FILE = ToDoList/Info.plist;
				LD_RUNPATH_SEARCH_PATHS = (
					"$(inherited)",
					"@executable_path/Frameworks",
				);
				PRODUCT_BUNDLE_IDENTIFIER = test.ToDoList;
				PRODUCT_NAME = "$(TARGET_NAME)";
				SWIFT_VERSION = 4.0;
				TARGETED_DEVICE_FAMILY = "1,2";
			};
			name = Release;
		};
		A2FD5B9820FEE15E00020BDA /* Debug */ = {
			isa = XCBuildConfiguration;
			buildSettings = {
				ALWAYS_EMBED_SWIFT_STANDARD_LIBRARIES = YES;
				BUNDLE_LOADER = "$(TEST_HOST)";
				CODE_SIGN_STYLE = Automatic;
				INFOPLIST_FILE = ToDoListTests/Info.plist;
				LD_RUNPATH_SEARCH_PATHS = (
					"$(inherited)",
					"@executable_path/Frameworks",
					"@loader_path/Frameworks",
				);
				PRODUCT_BUNDLE_IDENTIFIER = test.ToDoListTests;
				PRODUCT_NAME = "$(TARGET_NAME)";
				SWIFT_VERSION = 4.0;
				TARGETED_DEVICE_FAMILY = "1,2";
				TEST_HOST = "$(BUILT_PRODUCTS_DIR)/ToDoList.app/ToDoList";
			};
			name = Debug;
		};
		A2FD5B9920FEE15E00020BDA /* Release */ = {
			isa = XCBuildConfiguration;
			buildSettings = {
				ALWAYS_EMBED_SWIFT_STANDARD_LIBRARIES = YES;
				BUNDLE_LOADER = "$(TEST_HOST)";
				CODE_SIGN_STYLE = Automatic;
				INFOPLIST_FILE = ToDoListTests/Info.plist;
				LD_RUNPATH_SEARCH_PATHS = (
					"$(inherited)",
					"@executable_path/Frameworks",
					"@loader_path/Frameworks",
				);
				PRODUCT_BUNDLE_IDENTIFIER = test.ToDoListTests;
				PRODUCT_NAME = "$(TARGET_NAME)";
				SWIFT_VERSION = 4.0;
				TARGETED_DEVICE_FAMILY = "1,2";
				TEST_HOST = "$(BUILT_PRODUCTS_DIR)/ToDoList.app/ToDoList";
			};
			name = Release;
		};
		A2FD5B9B20FEE15E00020BDA /* Debug */ = {
			isa = XCBuildConfiguration;
			buildSettings = {
				ALWAYS_EMBED_SWIFT_STANDARD_LIBRARIES = YES;
				CODE_SIGN_STYLE = Automatic;
				INFOPLIST_FILE = ToDoListUITests/Info.plist;
				LD_RUNPATH_SEARCH_PATHS = (
					"$(inherited)",
					"@executable_path/Frameworks",
					"@loader_path/Frameworks",
				);
				PRODUCT_BUNDLE_IDENTIFIER = test.ToDoListUITests;
				PRODUCT_NAME = "$(TARGET_NAME)";
				SWIFT_VERSION = 4.0;
				TARGETED_DEVICE_FAMILY = "1,2";
				TEST_TARGET_NAME = ToDoList;
			};
			name = Debug;
		};
		A2FD5B9C20FEE15E00020BDA /* Release */ = {
			isa = XCBuildConfiguration;
			buildSettings = {
				ALWAYS_EMBED_SWIFT_STANDARD_LIBRARIES = YES;
				CODE_SIGN_STYLE = Automatic;
				INFOPLIST_FILE = ToDoListUITests/Info.plist;
				LD_RUNPATH_SEARCH_PATHS = (
					"$(inherited)",
					"@executable_path/Frameworks",
					"@loader_path/Frameworks",
				);
				PRODUCT_BUNDLE_IDENTIFIER = test.ToDoListUITests;
				PRODUCT_NAME = "$(TARGET_NAME)";
				SWIFT_VERSION = 4.0;
				TARGETED_DEVICE_FAMILY = "1,2";
				TEST_TARGET_NAME = ToDoList;
			};
			name = Release;
		};
/* End XCBuildConfiguration section */

/* Begin XCConfigurationList section */
		A2FD5B6720FEE15B00020BDA /* Build configuration list for PBXProject "ToDoList" */ = {
			isa = XCConfigurationList;
			buildConfigurations = (
				A2FD5B9220FEE15E00020BDA /* Debug */,
				A2FD5B9320FEE15E00020BDA /* Release */,
			);
			defaultConfigurationIsVisible = 0;
			defaultConfigurationName = Release;
		};
		A2FD5B9420FEE15E00020BDA /* Build configuration list for PBXNativeTarget "ToDoList" */ = {
			isa = XCConfigurationList;
			buildConfigurations = (
				A2FD5B9520FEE15E00020BDA /* Debug */,
				A2FD5B9620FEE15E00020BDA /* Release */,
			);
			defaultConfigurationIsVisible = 0;
			defaultConfigurationName = Release;
		};
		A2FD5B9720FEE15E00020BDA /* Build configuration list for PBXNativeTarget "ToDoListTests" */ = {
			isa = XCConfigurationList;
			buildConfigurations = (
				A2FD5B9820FEE15E00020BDA /* Debug */,
				A2FD5B9920FEE15E00020BDA /* Release */,
			);
			defaultConfigurationIsVisible = 0;
			defaultConfigurationName = Release;
		};
		A2FD5B9A20FEE15E00020BDA /* Build configuration list for PBXNativeTarget "ToDoListUITests" */ = {
			isa = XCConfigurationList;
			buildConfigurations = (
				A2FD5B9B20FEE15E00020BDA /* Debug */,
				A2FD5B9C20FEE15E00020BDA /* Release */,
			);
			defaultConfigurationIsVisible = 0;
			defaultConfigurationName = Release;
		};
/* End XCConfigurationList section */
	};
	rootObject = A2FD5B6420FEE15B00020BDA /* Project object */;
}
